dependencies:
  espp/base_component:
    component_hash: fc113b37edc55d1600b56b26868ed669e8a9a251ffae3244b0df3dab10de81d9
    dependencies:
    - name: espp/logger
      registry_url: https://components.espressif.com
      require: private
      version: '>=1.0'
    - name: idf
      require: private
      version: '>=5.0'
    source:
      registry_url: https://components.espressif.com/
      type: service
    version: 1.0.11
  espp/format:
    component_hash: 18b83f3075950153c3596cb42ba61abac9100504b395e5f3ac8a54df07dfe61d
    dependencies:
    - name: idf
      require: private
      version: '>=5.0'
    source:
      registry_url: https://components.espressif.com
      type: service
    version: 1.0.11
  espp/logger:
    component_hash: 0198cc129fe3315d6aa892e9d752913e7385cc4fa33b183b361da4c618b4845f
    dependencies:
    - name: espp/format
      registry_url: https://components.espressif.com
      require: private
      version: '>=1.0'
    - name: idf
      require: private
      version: '>=5.0'
    source:
      registry_url: https://components.espressif.com
      type: service
    version: 1.0.11
  espp/rtsp:
    component_hash: 4d2f596eec49a35d0e5aad80298b09f929db58ee8ed706ea2299e4ecd744dafb
    dependencies:
    - name: espp/base_component
      registry_url: https://components.espressif.com
      require: private
      version: '>=1.0'
    - name: espp/socket
      registry_url: https://components.espressif.com
      require: private
      version: '>=1.0'
    - name: espp/task
      registry_url: https://components.espressif.com
      require: private
      version: '>=1.0'
    - name: idf
      require: private
      version: '>=5.0'
    source:
      registry_url: https://components.espressif.com/
      type: service
    version: 1.0.11
  espp/socket:
    component_hash: f253cd1eaf9316a67850d31c6c4e0afd565246bf57cca4f8bff3cdec7936bd7f
    dependencies:
    - name: espp/base_component
      registry_url: https://components.espressif.com
      require: private
      version: '>=1.0'
    - name: espp/task
      registry_url: https://components.espressif.com
      require: private
      version: '>=1.0'
    - name: idf
      require: private
      version: '>=5.0'
    source:
      registry_url: https://components.espressif.com
      type: service
    version: 1.0.11
  espp/task:
    dependencies: []
    source:
      path: /home/josh/workspace/gopurro/components/espp__task
      type: local
    version: 1.0.11
  espressif/esp32-camera:
    component_hash: c3eb05fbeeae884a23bed9b17d48d5f0da8872beadae0c0e747d2fbea6094f06
    dependencies: []
    source:
      registry_url: https://components.espressif.com/
      type: service
    version: 2.0.15
  idf:
    source:
      type: idf
    version: 5.1.1
  mm_shims:
    dependencies:
    - name: idf
      version: ==5.1.1
    - name: mmutils
      path: ../src/mmutils
      version: ==2.7.2-esp32
    source:
      path: /home/josh/esp/mm-iot-esp32/framework/mm_shims
      type: local
    targets:
    - esp32s3
    version: 2.7.2-esp32
  mmipal:
    dependencies:
    - name: idf
      version: ==5.1.1
    - name: mmutils
      path: ../mmutils
      version: ==2.7.2-esp32
    source:
      path: /home/josh/esp/mm-iot-esp32/framework/src/mmipal
      type: local
    targets:
    - esp32s3
    version: 2.7.2-esp32
  mmiperf:
    dependencies:
    - name: idf
      version: ==5.1.1
    - name: mmipal
      path: ../mmipal
      version: ==2.7.2-esp32
    source:
      path: /home/josh/esp/mm-iot-esp32/framework/src/mmiperf
      type: local
    targets:
    - esp32s3
    version: 2.7.2-esp32
  mmpktmem:
    dependencies:
    - name: idf
      version: ==5.1.1
    source:
      path: /home/josh/esp/mm-iot-esp32/framework/src/mmpktmem
      type: local
    targets:
    - esp32s3
    version: 2.7.2-esp32
  mmutils:
    dependencies:
    - name: idf
      version: ==5.1.1
    source:
      path: /home/josh/esp/mm-iot-esp32/framework/src/mmutils
      type: local
    targets:
    - esp32s3
    version: 2.7.2-esp32
  morselib:
    dependencies:
    - name: idf
      version: ==5.1.1
    - name: mmpktmem
      path: ../src/mmpktmem
      version: ==2.7.2-esp32
    source:
      path: /home/josh/esp/mm-iot-esp32/framework/morselib
      type: local
    targets:
    - esp32s3
    version: 2.7.2-esp32
direct_dependencies:
- espp/base_component
- espp/rtsp
- espressif/esp32-camera
- idf
- mm_shims
- mmipal
- mmiperf
- mmutils
- morselib
manifest_hash: 64df672d5a7b7c9a697655c616fe30f423bd42b81bdde0abed123a069742894a
target: esp32s3
version: 2.0.0
